
Microsoft Visual Studio Solution File, Format Version 12.00
# Visual Studio Version 17
VisualStudioVersion = 17.3.32825.248
MinimumVisualStudioVersion = 10.0.40219.1
Project("{FAE04EC0-301F-11D3-BF4B-00C04F79EFBC}") = "PL", "Lab1Ado.NET\PL.csproj", "{FDC9BFCC-2461-4E59-812A-B289E41469DB}"
EndProject
Project("{FAE04EC0-301F-11D3-BF4B-00C04F79EFBC}") = "BLL", "BLL\BLL.csproj", "{92E6E1A0-0A7F-4249-BED9-1A949D8A253D}"
EndProject
Project("{FAE04EC0-301F-11D3-BF4B-00C04F79EFBC}") = "DAL", "DLL\DAL.csproj", "{ACD87BAE-BFD6-4E75-A4E4-58AA19062D06}"
EndProject
Global
	GlobalSection(SolutionConfigurationPlatforms) = preSolution
		Debug|Any CPU = Debug|Any CPU
		Release|Any CPU = Release|Any CPU
	EndGlobalSection
	GlobalSection(ProjectConfigurationPlatforms) = postSolution
		{FDC9BFCC-2461-4E59-812A-B289E41469DB}.Debug|Any CPU.ActiveCfg = Debug|Any CPU
		{FDC9BFCC-2461-4E59-812A-B289E41469DB}.Debug|Any CPU.Build.0 = Debug|Any CPU
		{FDC9BFCC-2461-4E59-812A-B289E41469DB}.Release|Any CPU.ActiveCfg = Release|Any CPU
		{FDC9BFCC-2461-4E59-812A-B289E41469DB}.Release|Any CPU.Build.0 = Release|Any CPU
		{92E6E1A0-0A7F-4249-BED9-1A949D8A253D}.Debug|Any CPU.ActiveCfg = Debug|Any CPU
		{92E6E1A0-0A7F-4249-BED9-1A949D8A253D}.Debug|Any CPU.Build.0 = Debug|Any CPU
		{92E6E1A0-0A7F-4249-BED9-1A949D8A253D}.Release|Any CPU.ActiveCfg = Release|Any CPU
		{92E6E1A0-0A7F-4249-BED9-1A949D8A253D}.Release|Any CPU.Build.0 = Release|Any CPU
		{ACD87BAE-BFD6-4E75-A4E4-58AA19062D06}.Debug|Any CPU.ActiveCfg = Debug|Any CPU
		{ACD87BAE-BFD6-4E75-A4E4-58AA19062D06}.Debug|Any CPU.Build.0 = Debug|Any CPU
		{ACD87BAE-BFD6-4E75-A4E4-58AA19062D06}.Release|Any CPU.ActiveCfg = Release|Any CPU
		{ACD87BAE-BFD6-4E75-A4E4-58AA19062D06}.Release|Any CPU.Build.0 = Release|Any CPU
	EndGlobalSection
	GlobalSection(SolutionProperties) = preSolution
		HideSolutionNode = FALSE
	EndGlobalSection
	GlobalSection(ExtensibilityGlobals) = postSolution
		SolutionGuid = {200D1465-AF48-4EA9-B151-EF45B3D9B184}
	EndGlobalSection
EndGlobal
